
Microsoft Visual Studio Solution File, Format Version 12.00
# Visual Studio 15
VisualStudioVersion = 15.0.28307.168
MinimumVisualStudioVersion = 10.0.40219.1
Project("{FAE04EC0-301F-11D3-BF4B-00C04F79EFBC}") = "MyTaskManagement", "MyTaskManagement\MyTaskManagement.csproj", "{032C4F7C-3A01-4BD9-BE75-C0B2DD8C1C7F}"
EndProject
Global
	GlobalSection(SolutionConfigurationPlatforms) = preSolution
		Debug|Any CPU = Debug|Any CPU
		Release|Any CPU = Release|Any CPU
	EndGlobalSection
	GlobalSection(ProjectConfigurationPlatforms) = postSolution
		{032C4F7C-3A01-4BD9-BE75-C0B2DD8C1C7F}.Debug|Any CPU.ActiveCfg = Debug|Any CPU
		{032C4F7C-3A01-4BD9-BE75-C0B2DD8C1C7F}.Debug|Any CPU.Build.0 = Debug|Any CPU
		{032C4F7C-3A01-4BD9-BE75-C0B2DD8C1C7F}.Release|Any CPU.ActiveCfg = Release|Any CPU
		{032C4F7C-3A01-4BD9-BE75-C0B2DD8C1C7F}.Release|Any CPU.Build.0 = Release|Any CPU
	EndGlobalSection
	GlobalSection(SolutionProperties) = preSolution
		HideSolutionNode = FALSE
	EndGlobalSection
	GlobalSection(ExtensibilityGlobals) = postSolution
		SolutionGuid = {93101916-E721-4118-8DFD-ADB6411288DE}
	EndGlobalSection
EndGlobal
